// !$*UTF8*$!
{
	archiveVersion = 1;
	classes = {
	};
	objectVersion = 50;
	objects = {

/* Begin PBXBuildFile section */
		BBD52AF621A62CCA009818AD /* AppDelegate.swift in Sources */ = {isa = PBXBuildFile; fileRef = BBD52AF521A62CCA009818AD /* AppDelegate.swift */; };
		BBD52AF821A62CCA009818AD /* ViewController.swift in Sources */ = {isa = PBXBuildFile; fileRef = BBD52AF721A62CCA009818AD /* ViewController.swift */; };
		BBD52AFB21A62CCA009818AD /* Main.storyboard in Resources */ = {isa = PBXBuildFile; fileRef = BBD52AF921A62CCA009818AD /* Main.storyboard */; };
		BBD52AFD21A62CCC009818AD /* Assets.xcassets in Resources */ = {isa = PBXBuildFile; fileRef = BBD52AFC21A62CCC009818AD /* Assets.xcassets */; };
		BBD52B0021A62CCC009818AD /* LaunchScreen.storyboard in Resources */ = {isa = PBXBuildFile; fileRef = BBD52AFE21A62CCC009818AD /* LaunchScreen.storyboard */; };
		BBD52B0821A63F13009818AD /* Collection_ViewController.swift in Sources */ = {isa = PBXBuildFile; fileRef = BBD52B0721A63F13009818AD /* Collection_ViewController.swift */; };
		BBD52B0A21A72F2C009818AD /* Collection_Cell.swift in Sources */ = {isa = PBXBuildFile; fileRef = BBD52B0921A72F2C009818AD /* Collection_Cell.swift */; };
/* End PBXBuildFile section */

/* Begin PBXFileReference section */
		BBD52AF221A62CCA009818AD /* Imgae gallery ver1.app */ = {isa = PBXFileReference; explicitFileType = wrapper.application; includeInIndex = 0; path = "Imgae gallery ver1.app"; sourceTree = BUILT_PRODUCTS_DIR; };
		BBD52AF521A62CCA009818AD /* AppDelegate.swift */ = {isa = PBXFileReference; lastKnownFileType = sourcecode.swift; path = AppDelegate.swift; sourceTree = "<group>"; };
		BBD52AF721A62CCA009818AD /* ViewController.swift */ = {isa = PBXFileReference; lastKnownFileType = sourcecode.swift; path = ViewController.swift; sourceTree = "<group>"; };
		BBD52AFA21A62CCA009818AD /* Base */ = {isa = PBXFileReference; lastKnownFileType = file.storyboard; name = Base; path = Base.lproj/Main.storyboard; sourceTree = "<group>"; };
		BBD52AFC21A62CCC009818AD /* Assets.xcassets */ = {isa = PBXFileReference; lastKnownFileType = folder.assetcatalog; path = Assets.xcassets; sourceTree = "<group>"; };
		BBD52AFF21A62CCC009818AD /* Base */ = {isa = PBXFileReference; lastKnownFileType = file.storyboard; name = Base; path = Base.lproj/LaunchScreen.storyboard; sourceTree = "<group>"; };
		BBD52B0121A62CCC009818AD /* Info.plist */ = {isa = PBXFileReference; lastKnownFileType = text.plist.xml; path = Info.plist; sourceTree = "<group>"; };
		BBD52B0721A63F13009818AD /* Collection_ViewController.swift */ = {isa = PBXFileReference; lastKnownFileType = sourcecode.swift; path = Collection_ViewController.swift; sourceTree = "<group>"; };
		BBD52B0921A72F2C009818AD /* Collection_Cell.swift */ = {isa = PBXFileReference; lastKnownFileType = sourcecode.swift; path = Collection_Cell.swift; sourceTree = "<group>"; };
/* End PBXFileReference section */

/* Begin PBXFrameworksBuildPhase section */
		BBD52AEF21A62CCA009818AD /* Frameworks */ = {
			isa = PBXFrameworksBuildPhase;
			buildActionMask = 2147483647;
			files = (
			);
			runOnlyForDeploymentPostprocessing = 0;
		};
/* End PBXFrameworksBuildPhase section */

/* Begin PBXGroup section */
		BBD52AE921A62CCA009818AD = {
			isa = PBXGroup;
			children = (
				BBD52AF421A62CCA009818AD /* Imgae gallery ver1 */,
				BBD52AF321A62CCA009818AD /* Products */,
			);
			sourceTree = "<group>";
		};
		BBD52AF321A62CCA009818AD /* Products */ = {
			isa = PBXGroup;
			children = (
				BBD52AF221A62CCA009818AD /* Imgae gallery ver1.app */,
			);
			name = Products;
			sourceTree = "<group>";
		};
		BBD52AF421A62CCA009818AD /* Imgae gallery ver1 */ = {
			isa = PBXGroup;
			children = (
				BBD52AF521A62CCA009818AD /* AppDelegate.swift */,
				BBD52AF721A62CCA009818AD /* ViewController.swift */,
				BBD52AF921A62CCA009818AD /* Main.storyboard */,
				BBD52B0921A72F2C009818AD /* Collection_Cell.swift */,
				BBD52B0721A63F13009818AD /* Collection_ViewController.swift */,
				BBD52AFC21A62CCC009818AD /* Assets.xcassets */,
				BBD52AFE21A62CCC009818AD /* LaunchScreen.storyboard */,
				BBD52B0121A62CCC009818AD /* Info.plist */,
			);
			path = "Imgae gallery ver1";
			sourceTree = "<group>";
		};
/* End PBXGroup section */

/* Begin PBXNativeTarget section */
		BBD52AF121A62CCA009818AD /* Imgae gallery ver1 */ = {
			isa = PBXNativeTarget;
			buildConfigurationList = BBD52B0421A62CCC009818AD /* Build configuration list for PBXNativeTarget "Imgae gallery ver1" */;
			buildPhases = (
				BBD52AEE21A62CCA009818AD /* Sources */,
				BBD52AEF21A62CCA009818AD /* Frameworks */,
				BBD52AF021A62CCA009818AD /* Resources */,
			);
			buildRules = (
			);
			dependencies = (
			);
			name = "Imgae gallery ver1";
			productName = "Imgae gallery ver1";
			productReference = BBD52AF221A62CCA009818AD /* Imgae gallery ver1.app */;
			productType = "com.apple.product-type.application";
		};
/* End PBXNativeTarget section */

/* Begin PBXProject section */
		BBD52AEA21A62CCA009818AD /* Project object */ = {
			isa = PBXProject;
			attributes = {
				LastSwiftUpdateCheck = 1010;
				LastUpgradeCheck = 1010;
				ORGANIZATIONNAME = DoDo;
				TargetAttributes = {
					BBD52AF121A62CCA009818AD = {
						CreatedOnToolsVersion = 10.1;
					};
				};
			};
			buildConfigurationList = BBD52AED21A62CCA009818AD /* Build configuration list for PBXProject "Imgae gallery ver1" */;
			compatibilityVersion = "Xcode 9.3";
			developmentRegion = en;
			hasScannedForEncodings = 0;
			knownRegions = (
				en,
				Base,
			);
			mainGroup = BBD52AE921A62CCA009818AD;
			productRefGroup = BBD52AF321A62CCA009818AD /* Products */;
			projectDirPath = "";
			projectRoot = "";
			targets = (
				BBD52AF121A62CCA009818AD /* Imgae gallery ver1 */,
			);
		};
/* End PBXProject section */

/* Begin PBXResourcesBuildPhase section */
		BBD52AF021A62CCA009818AD /* Resources */ = {
			isa = PBXResourcesBuildPhase;
			buildActionMask = 2147483647;
			files = (
				BBD52B0021A62CCC009818AD /* LaunchScreen.storyboard in Resources */,
				BBD52AFD21A62CCC009818AD /* Assets.xcassets in Resources */,
				BBD52AFB21A62CCA009818AD /* Main.storyboard in Resources */,
			);
			runOnlyForDeploymentPostprocessing = 0;
		};
/* End PBXResourcesBuildPhase section */

/* Begin PBXSourcesBuildPhase section */
		BBD52AEE21A62CCA009818AD /* Sources */ = {
			isa = PBXSourcesBuildPhase;
			buildActionMask = 2147483647;
			files = (
				BBD52B0821A63F13009818AD /* Collection_ViewController.swift in Sources */,
				BBD52AF821A62CCA009818AD /* ViewController.swift in Sources */,
				BBD52AF621A62CCA009818AD /* AppDelegate.swift in Sources */,
				BBD52B0A21A72F2C009818AD /* Collection_Cell.swift in Sources */,
			);
			runOnlyForDeploymentPostprocessing = 0;
		};
/* End PBXSourcesBuildPhase section */

/* Begin PBXVariantGroup section */
		BBD52AF921A62CCA009818AD /* Main.storyboard */ = {
			isa = PBXVariantGroup;
			children = (
				BBD52AFA21A62CCA009818AD /* Base */,
			);
			name = Main.storyboard;
			sourceTree = "<group>";
		};
		BBD52AFE21A62CCC009818AD /* LaunchScreen.storyboard */ = {
			isa = PBXVariantGroup;
			children = (
				BBD52AFF21A62CCC009818AD /* Base */,
			);
			name = LaunchScreen.storyboard;
			sourceTree = "<group>";
		};
/* End PBXVariantGroup section */

/* Begin XCBuildConfiguration section */
		BBD52B0221A62CCC009818AD /* Debug */ = {
			isa = XCBuildConfiguration;
			buildSettings = {
				ALWAYS_SEARCH_USER_PATHS = NO;
				CLANG_ANALYZER_NONNULL = YES;
				CLANG_ANALYZER_NUMBER_OBJECT_CONVERSION = YES_AGGRESSIVE;
				CLANG_CXX_LANGUAGE_STANDARD = "gnu++14";
				CLANG_CXX_LIBRARY = "libc++";
				CLANG_ENABLE_MODULES = YES;
				CLANG_ENABLE_OBJC_ARC = YES;
				CLANG_ENABLE_OBJC_WEAK = YES;
				CLANG_WARN_BLOCK_CAPTURE_AUTORELEASING = YES;
				CLANG_WARN_BOOL_CONVERSION = YES;
				CLANG_WARN_COMMA = YES;
				CLANG_WARN_CONSTANT_CONVERSION = YES;
				CLANG_WARN_DEPRECATED_OBJC_IMPLEMENTATIONS = YES;
				CLANG_WARN_DIRECT_OBJC_ISA_USAGE = YES_ERROR;
				CLANG_WARN_DOCUMENTATION_COMMENTS = YES;
				CLANG_WARN_EMPTY_BODY = YES;
				CLANG_WARN_ENUM_CONVERSION = YES;
				CLANG_WARN_INFINITE_RECURSION = YES;
				CLANG_WARN_INT_CONVERSION = YES;
				CLANG_WARN_NON_LITERAL_NULL_CONVERSION = YES;
				CLANG_WARN_OBJC_IMPLICIT_RETAIN_SELF = YES;
				CLANG_WARN_OBJC_LITERAL_CONVERSION = YES;
				CLANG_WARN_OBJC_ROOT_CLASS = YES_ERROR;
				CLANG_WARN_RANGE_LOOP_ANALYSIS = YES;
				CLANG_WARN_STRICT_PROTOTYPES = YES;
				CLANG_WARN_SUSPICIOUS_MOVE = YES;
				CLANG_WARN_UNGUARDED_AVAILABILITY = YES_AGGRESSIVE;
				CLANG_WARN_UNREACHABLE_CODE = YES;
				CLANG_WARN__DUPLICATE_METHOD_MATCH = YES;
				CODE_SIGN_IDENTITY = "iPhone Developer";
				COPY_PHASE_STRIP = NO;
				DEBUG_INFORMATION_FORMAT = dwarf;
				ENABLE_STRICT_OBJC_MSGSEND = YES;
				ENABLE_TESTABILITY = YES;
				GCC_C_LANGUAGE_STANDARD = gnu11;
				GCC_DYNAMIC_NO_PIC = NO;
				GCC_NO_COMMON_BLOCKS = YES;
				GCC_OPTIMIZATION_LEVEL = 0;
				GCC_PREPROCESSOR_DEFINITIONS = (
					"DEBUG=1",
					"$(inherited)",
				);
				GCC_WARN_64_TO_32_BIT_CONVERSION = YES;
				GCC_WARN_ABOUT_RETURN_TYPE = YES_ERROR;
				GCC_WARN_UNDECLARED_SELECTOR = YES;
				GCC_WARN_UNINITIALIZED_AUTOS = YES_AGGRESSIVE;
				GCC_WARN_UNUSED_FUNCTION = YES;
				GCC_WARN_UNUSED_VARIABLE = YES;
				IPHONEOS_DEPLOYMENT_TARGET = 12.1;
				MTL_ENABLE_DEBUG_INFO = INCLUDE_SOURCE;
				MTL_FAST_MATH = YES;
				ONLY_ACTIVE_ARCH = YES;
				SDKROOT = iphoneos;
				SWIFT_ACTIVE_COMPILATION_CONDITIONS = DEBUG;
				SWIFT_OPTIMIZATION_LEVEL = "-Onone";
			};
			name = Debug;
		};
		BBD52B0321A62CCC009818AD /* Release */ = {
			isa = XCBuildConfiguration;
			buildSettings = {
				ALWAYS_SEARCH_USER_PATHS = NO;
				CLANG_ANALYZER_NONNULL = YES;
				CLANG_ANALYZER_NUMBER_OBJECT_CONVERSION = YES_AGGRESSIVE;
				CLANG_CXX_LANGUAGE_STANDARD = "gnu++14";
				CLANG_CXX_LIBRARY = "libc++";
				CLANG_ENABLE_MODULES = YES;
				CLANG_ENABLE_OBJC_ARC = YES;
				CLANG_ENABLE_OBJC_WEAK = YES;
				CLANG_WARN_BLOCK_CAPTURE_AUTORELEASING = YES;
				CLANG_WARN_BOOL_CONVERSION = YES;
				CLANG_WARN_COMMA = YES;
				CLANG_WARN_CONSTANT_CONVERSION = YES;
				CLANG_WARN_DEPRECATED_OBJC_IMPLEMENTATIONS = YES;
				CLANG_WARN_DIRECT_OBJC_ISA_USAGE = YES_ERROR;
				CLANG_WARN_DOCUMENTATION_COMMENTS = YES;
				CLANG_WARN_EMPTY_BODY = YES;
				CLANG_WARN_ENUM_CONVERSION = YES;
				CLANG_WARN_INFINITE_RECURSION = YES;
				CLANG_WARN_INT_CONVERSION = YES;
				CLANG_WARN_NON_LITERAL_NULL_CONVERSION = YES;
				CLANG_WARN_OBJC_IMPLICIT_RETAIN_SELF = YES;
				CLANG_WARN_OBJC_LITERAL_CONVERSION = YES;
				CLANG_WARN_OBJC_ROOT_CLASS = YES_ERROR;
				CLANG_WARN_RANGE_LOOP_ANALYSIS = YES;
				CLANG_WARN_STRICT_PROTOTYPES = YES;
				CLANG_WARN_SUSPICIOUS_MOVE = YES;
				CLANG_WARN_UNGUARDED_AVAILABILITY = YES_AGGRESSIVE;
				CLANG_WARN_UNREACHABLE_CODE = YES;
				CLANG_WARN__DUPLICATE_METHOD_MATCH = YES;
				CODE_SIGN_IDENTITY = "iPhone Developer";
				COPY_PHASE_STRIP = NO;
				DEBUG_INFORMATION_FORMAT = "dwarf-with-dsym";
				ENABLE_NS_ASSERTIONS = NO;
				ENABLE_STRICT_OBJC_MSGSEND = YES;
				GCC_C_LANGUAGE_STANDARD = gnu11;
				GCC_NO_COMMON_BLOCKS = YES;
				GCC_WARN_64_TO_32_BIT_CONVERSION = YES;
				GCC_WARN_ABOUT_RETURN_TYPE = YES_ERROR;
				GCC_WARN_UNDECLARED_SELECTOR = YES;
				GCC_WARN_UNINITIALIZED_AUTOS = YES_AGGRESSIVE;
				GCC_WARN_UNUSED_FUNCTION = YES;
				GCC_WARN_UNUSED_VARIABLE = YES;
				IPHONEOS_DEPLOYMENT_TARGET = 12.1;
				MTL_ENABLE_DEBUG_INFO = NO;
				MTL_FAST_MATH = YES;
				SDKROOT = iphoneos;
				SWIFT_COMPILATION_MODE = wholemodule;
				SWIFT_OPTIMIZATION_LEVEL = "-O";
				VALIDATE_PRODUCT = YES;
			};
			name = Release;
		};
		BBD52B0521A62CCC009818AD /* Debug */ = {
			isa = XCBuildConfiguration;
			buildSettings = {
				ASSETCATALOG_COMPILER_APPICON_NAME = AppIcon;
				CODE_SIGN_STYLE = Automatic;
				DEVELOPMENT_TEAM = AU35KS39TB;
				INFOPLIST_FILE = "Imgae gallery ver1/Info.plist";
				LD_RUNPATH_SEARCH_PATHS = (
					"$(inherited)",
					"@executable_path/Frameworks",
				);
				PRODUCT_BUNDLE_IDENTIFIER = "com.DoDo.Imgae-gallery-ver1";
				PRODUCT_NAME = "$(TARGET_NAME)";
				SWIFT_VERSION = 4.2;
				TARGETED_DEVICE_FAMILY = "1,2";
			};
			name = Debug;
		};
		BBD52B0621A62CCC009818AD /* Release */ = {
			isa = XCBuildConfiguration;
			buildSettings = {
				ASSETCATALOG_COMPILER_APPICON_NAME = AppIcon;
				CODE_SIGN_STYLE = Automatic;
				DEVELOPMENT_TEAM = AU35KS39TB;
				INFOPLIST_FILE = "Imgae gallery ver1/Info.plist";
				LD_RUNPATH_SEARCH_PATHS = (
					"$(inherited)",
					"@executable_path/Frameworks",
				);
				PRODUCT_BUNDLE_IDENTIFIER = "com.DoDo.Imgae-gallery-ver1";
				PRODUCT_NAME = "$(TARGET_NAME)";
				SWIFT_VERSION = 4.2;
				TARGETED_DEVICE_FAMILY = "1,2";
			};
			name = Release;
		};
/* End XCBuildConfiguration section */

/* Begin XCConfigurationList section */
		BBD52AED21A62CCA009818AD /* Build configuration list for PBXProject "Imgae gallery ver1" */ = {
			isa = XCConfigurationList;
			buildConfigurations = (
				BBD52B0221A62CCC009818AD /* Debug */,
				BBD52B0321A62CCC009818AD /* Release */,
			);
			defaultConfigurationIsVisible = 0;
			defaultConfigurationName = Release;
		};
		BBD52B0421A62CCC009818AD /* Build configuration list for PBXNativeTarget "Imgae gallery ver1" */ = {
			isa = XCConfigurationList;
			buildConfigurations = (
				BBD52B0521A62CCC009818AD /* Debug */,
				BBD52B0621A62CCC009818AD /* Release */,
			);
			defaultConfigurationIsVisible = 0;
			defaultConfigurationName = Release;
		};
/* End XCConfigurationList section */
	};
	rootObject = BBD52AEA21A62CCA009818AD /* Project object */;
}
